
Microsoft Visual Studio Solution File, Format Version 12.00
# Visual Studio Version 17
VisualStudioVersion = 17.0.31903.59
MinimumVisualStudioVersion = 10.0.40219.1
Project("{FAE04EC0-301F-11D3-BF4B-00C04F79EFBC}") = "PatternAnalyzer.Core", "PatternAnalyzer\PatternAnalyzer.Core\PatternAnalyzer.Core.csproj", "{GUID-CORE}"
EndProject
Project("{FAE04EC0-301F-11D3-BF4B-00C04F79EFBC}") = "PatternAnalyzer.Infrastructure", "PatternAnalyzer\PatternAnalyzer.Infrastructure\PatternAnalyzer.Infrastructure.csproj", "{GUID-INFRA}"
EndProject
Project("{FAE04EC0-301F-11D3-BF4B-00C04F79EFBC}") = "PatternAnalyzer.Presentation", "PatternAnalyzer\PatternAnalyzer.Presentation\PatternAnalyzer.Presentation.csproj", "{GUID-PRES}"
EndProject
Project("{FAE04EC0-301F-11D3-BF4B-00C04F79EFBC}") = "PatternAnalyzer.Tests", "PatternAnalyzer\PatternAnalyzer.Tests\PatternAnalyzer.Tests.csproj", "{GUID-TEST}"
EndProject
Global
	GlobalSection(SolutionConfigurationPlatforms) = preSolution
		Debug|Any CPU = Debug|Any CPU
		Release|Any CPU = Release|Any CPU
	EndGlobalSection
	GlobalSection(ProjectConfigurationPlatforms) = postSolution
		{GUID-CORE}.Debug|Any CPU.ActiveCfg = Debug|Any CPU
		{GUID-CORE}.Debug|Any CPU.Build.0 = Debug|Any CPU
		{GUID-CORE}.Release|Any CPU.ActiveCfg = Release|Any CPU
		{GUID-CORE}.Release|Any CPU.Build.0 = Release|Any CPU
		{GUID-INFRA}.Debug|Any CPU.ActiveCfg = Debug|Any CPU
		{GUID-INFRA}.Debug|Any CPU.Build.0 = Debug|Any CPU
		{GUID-INFRA}.Release|Any CPU.ActiveCfg = Release|Any CPU
		{GUID-INFRA}.Release|Any CPU.Build.0 = Release|Any CPU
		{GUID-PRES}.Debug|Any CPU.ActiveCfg = Debug|Any CPU
		{GUID-PRES}.Debug|Any CPU.Build.0 = Debug|Any CPU
		{GUID-PRES}.Release|Any CPU.ActiveCfg = Release|Any CPU
		{GUID-PRES}.Release|Any CPU.Build.0 = Release|Any CPU
		{GUID-TEST}.Debug|Any CPU.ActiveCfg = Debug|Any CPU
		{GUID-TEST}.Debug|Any CPU.Build.0 = Debug|Any CPU
		{GUID-TEST}.Release|Any CPU.ActiveCfg = Release|Any CPU
		{GUID-TEST}.Release|Any CPU.Build.0 = Release|Any CPU
	EndGlobalSection
EndGlobal
